
Microsoft Visual Studio Solution File, Format Version 12.00
# Visual Studio Version 17
VisualStudioVersion = 17.8.34309.116
MinimumVisualStudioVersion = 10.0.40219.1
Project("{FAE04EC0-301F-11D3-BF4B-00C04F79EFBC}") = "EFCore", "EFCore\EFCore.csproj", "{7A99D005-106D-4C83-A411-2E675F497171}"
EndProject
Global
	GlobalSection(SolutionConfigurationPlatforms) = preSolution
		Debug|Any CPU = Debug|Any CPU
		Release|Any CPU = Release|Any CPU
	EndGlobalSection
	GlobalSection(ProjectConfigurationPlatforms) = postSolution
		{7A99D005-106D-4C83-A411-2E675F497171}.Debug|Any CPU.ActiveCfg = Debug|Any CPU
		{7A99D005-106D-4C83-A411-2E675F497171}.Debug|Any CPU.Build.0 = Debug|Any CPU
		{7A99D005-106D-4C83-A411-2E675F497171}.Release|Any CPU.ActiveCfg = Release|Any CPU
		{7A99D005-106D-4C83-A411-2E675F497171}.Release|Any CPU.Build.0 = Release|Any CPU
	EndGlobalSection
	GlobalSection(SolutionProperties) = preSolution
		HideSolutionNode = FALSE
	EndGlobalSection
	GlobalSection(ExtensibilityGlobals) = postSolution
		SolutionGuid = {06151ADE-0B22-41E0-A81D-7F52A70EFD59}
	EndGlobalSection
EndGlobal
